
Microsoft Visual Studio Solution File, Format Version 12.00
# Visual Studio Version 17
VisualStudioVersion = 17.8.34525.116
MinimumVisualStudioVersion = 10.0.40219.1
Project("{2150E333-8FDC-42A3-9474-1A3956D46DE8}") = "FrontEnd", "FrontEnd", "{25815408-7412-4C29-80B1-1A84B81726EB}"
EndProject
Project("{2150E333-8FDC-42A3-9474-1A3956D46DE8}") = "Gateway", "Gateway", "{25511CAA-B550-4E8A-B663-11093E6C571D}"
EndProject
Project("{2150E333-8FDC-42A3-9474-1A3956D46DE8}") = "Integration", "Integration", "{1CEFDAEA-091B-4A15-99BA-5B51A0D26663}"
EndProject
Project("{2150E333-8FDC-42A3-9474-1A3956D46DE8}") = "Services", "Services", "{64FF68FE-9EDC-452A-B2F9-B24F2EB74D6D}"
EndProject
Project("{9A19103F-16F7-4668-BE54-9A1E7A4F7556}") = "Mango.Services.CouponAPI", "Mango.Services.CouponAPI\Mango.Services.CouponAPI.csproj", "{E61DD5AE-AFB3-4B88-89C8-60E35684B545}"
EndProject
Project("{9A19103F-16F7-4668-BE54-9A1E7A4F7556}") = "Mango.Web", "Mango.Web\Mango.Web.csproj", "{BBF0D56F-EAD6-43E0-A677-A38C082BE830}"
EndProject
Project("{9A19103F-16F7-4668-BE54-9A1E7A4F7556}") = "Mango.Services.AuthAPI", "Mango.Services.AuthAPI\Mango.Services.AuthAPI.csproj", "{F8F392F2-4A40-4DD4-AE5B-899901AA4C9B}"
EndProject
Project("{9A19103F-16F7-4668-BE54-9A1E7A4F7556}") = "Mango.Services.ProductAPI", "Mango.Services.ProductAPI\Mango.Services.ProductAPI.csproj", "{9370D083-8973-41B9-83C9-B3A560E941C2}"
EndProject
Project("{9A19103F-16F7-4668-BE54-9A1E7A4F7556}") = "Mango.Services.ShoppingCartAPI", "Mango.Services.ShoppingCartAPI\Mango.Services.ShoppingCartAPI.csproj", "{42217617-14D4-4C80-B66D-AE7B8AC835EA}"
EndProject
Project("{9A19103F-16F7-4668-BE54-9A1E7A4F7556}") = "Mango.MessageBus", "Mango.MessageBus\Mango.MessageBus.csproj", "{95073B9B-450F-4BAD-83F7-4BF26EF08145}"
EndProject
Project("{9A19103F-16F7-4668-BE54-9A1E7A4F7556}") = "Mango.Services.EmailAPI", "Mango.Services.EmailAPI\Mango.Services.EmailAPI.csproj", "{0ECF8796-9CC4-4AEC-BF64-6DD43BCBC222}"
EndProject
Project("{FAE04EC0-301F-11D3-BF4B-00C04F79EFBC}") = "Mango.Services.OrderAPI", "Mango.Services.OrderAPI\Mango.Services.OrderAPI.csproj", "{0D845056-2FF1-42EC-BD84-7099728BAEEE}"
EndProject
Global
	GlobalSection(SolutionConfigurationPlatforms) = preSolution
		Debug|Any CPU = Debug|Any CPU
		Release|Any CPU = Release|Any CPU
	EndGlobalSection
	GlobalSection(ProjectConfigurationPlatforms) = postSolution
		{E61DD5AE-AFB3-4B88-89C8-60E35684B545}.Debug|Any CPU.ActiveCfg = Debug|Any CPU
		{E61DD5AE-AFB3-4B88-89C8-60E35684B545}.Debug|Any CPU.Build.0 = Debug|Any CPU
		{E61DD5AE-AFB3-4B88-89C8-60E35684B545}.Release|Any CPU.ActiveCfg = Release|Any CPU
		{E61DD5AE-AFB3-4B88-89C8-60E35684B545}.Release|Any CPU.Build.0 = Release|Any CPU
		{BBF0D56F-EAD6-43E0-A677-A38C082BE830}.Debug|Any CPU.ActiveCfg = Debug|Any CPU
		{BBF0D56F-EAD6-43E0-A677-A38C082BE830}.Debug|Any CPU.Build.0 = Debug|Any CPU
		{BBF0D56F-EAD6-43E0-A677-A38C082BE830}.Release|Any CPU.ActiveCfg = Release|Any CPU
		{BBF0D56F-EAD6-43E0-A677-A38C082BE830}.Release|Any CPU.Build.0 = Release|Any CPU
		{F8F392F2-4A40-4DD4-AE5B-899901AA4C9B}.Debug|Any CPU.ActiveCfg = Debug|Any CPU
		{F8F392F2-4A40-4DD4-AE5B-899901AA4C9B}.Debug|Any CPU.Build.0 = Debug|Any CPU
		{F8F392F2-4A40-4DD4-AE5B-899901AA4C9B}.Release|Any CPU.ActiveCfg = Release|Any CPU
		{F8F392F2-4A40-4DD4-AE5B-899901AA4C9B}.Release|Any CPU.Build.0 = Release|Any CPU
		{9370D083-8973-41B9-83C9-B3A560E941C2}.Debug|Any CPU.ActiveCfg = Debug|Any CPU
		{9370D083-8973-41B9-83C9-B3A560E941C2}.Debug|Any CPU.Build.0 = Debug|Any CPU
		{9370D083-8973-41B9-83C9-B3A560E941C2}.Release|Any CPU.ActiveCfg = Release|Any CPU
		{9370D083-8973-41B9-83C9-B3A560E941C2}.Release|Any CPU.Build.0 = Release|Any CPU
		{42217617-14D4-4C80-B66D-AE7B8AC835EA}.Debug|Any CPU.ActiveCfg = Debug|Any CPU
		{42217617-14D4-4C80-B66D-AE7B8AC835EA}.Debug|Any CPU.Build.0 = Debug|Any CPU
		{42217617-14D4-4C80-B66D-AE7B8AC835EA}.Release|Any CPU.ActiveCfg = Release|Any CPU
		{42217617-14D4-4C80-B66D-AE7B8AC835EA}.Release|Any CPU.Build.0 = Release|Any CPU
		{95073B9B-450F-4BAD-83F7-4BF26EF08145}.Debug|Any CPU.ActiveCfg = Debug|Any CPU
		{95073B9B-450F-4BAD-83F7-4BF26EF08145}.Debug|Any CPU.Build.0 = Debug|Any CPU
		{95073B9B-450F-4BAD-83F7-4BF26EF08145}.Release|Any CPU.ActiveCfg = Release|Any CPU
		{95073B9B-450F-4BAD-83F7-4BF26EF08145}.Release|Any CPU.Build.0 = Release|Any CPU
		{0ECF8796-9CC4-4AEC-BF64-6DD43BCBC222}.Debug|Any CPU.ActiveCfg = Debug|Any CPU
		{0ECF8796-9CC4-4AEC-BF64-6DD43BCBC222}.Debug|Any CPU.Build.0 = Debug|Any CPU
		{0ECF8796-9CC4-4AEC-BF64-6DD43BCBC222}.Release|Any CPU.ActiveCfg = Release|Any CPU
		{0ECF8796-9CC4-4AEC-BF64-6DD43BCBC222}.Release|Any CPU.Build.0 = Release|Any CPU
		{0D845056-2FF1-42EC-BD84-7099728BAEEE}.Debug|Any CPU.ActiveCfg = Debug|Any CPU
		{0D845056-2FF1-42EC-BD84-7099728BAEEE}.Debug|Any CPU.Build.0 = Debug|Any CPU
		{0D845056-2FF1-42EC-BD84-7099728BAEEE}.Release|Any CPU.ActiveCfg = Release|Any CPU
		{0D845056-2FF1-42EC-BD84-7099728BAEEE}.Release|Any CPU.Build.0 = Release|Any CPU
	EndGlobalSection
	GlobalSection(SolutionProperties) = preSolution
		HideSolutionNode = FALSE
	EndGlobalSection
	GlobalSection(NestedProjects) = preSolution
		{E61DD5AE-AFB3-4B88-89C8-60E35684B545} = {64FF68FE-9EDC-452A-B2F9-B24F2EB74D6D}
		{BBF0D56F-EAD6-43E0-A677-A38C082BE830} = {25815408-7412-4C29-80B1-1A84B81726EB}
		{F8F392F2-4A40-4DD4-AE5B-899901AA4C9B} = {64FF68FE-9EDC-452A-B2F9-B24F2EB74D6D}
		{9370D083-8973-41B9-83C9-B3A560E941C2} = {64FF68FE-9EDC-452A-B2F9-B24F2EB74D6D}
		{42217617-14D4-4C80-B66D-AE7B8AC835EA} = {64FF68FE-9EDC-452A-B2F9-B24F2EB74D6D}
		{95073B9B-450F-4BAD-83F7-4BF26EF08145} = {1CEFDAEA-091B-4A15-99BA-5B51A0D26663}
		{0ECF8796-9CC4-4AEC-BF64-6DD43BCBC222} = {64FF68FE-9EDC-452A-B2F9-B24F2EB74D6D}
		{0D845056-2FF1-42EC-BD84-7099728BAEEE} = {64FF68FE-9EDC-452A-B2F9-B24F2EB74D6D}
	EndGlobalSection
	GlobalSection(ExtensibilityGlobals) = postSolution
		SolutionGuid = {7FD559B3-97C0-48DD-854D-D93388E04CBB}
	EndGlobalSection
EndGlobal
